
Microsoft Visual Studio Solution File, Format Version 12.00
# Visual Studio 2015
Project("{FAE04EC0-301F-11D3-BF4B-00C04F79EFBC}") = "Unity3d-MiniMap", "Unity3d-MiniMap.csproj", "{BCD32E21-ECE9-B71D-7793-0F314633B207}"
EndProject
Project("{FAE04EC0-301F-11D3-BF4B-00C04F79EFBC}") = "Unity3d-MiniMap.Editor", "Unity3d-MiniMap.Editor.csproj", "{2DBE8DE5-2BDA-2BDD-7A05-9CD71F7182F7}"
EndProject
Global
	GlobalSection(SolutionConfigurationPlatforms) = preSolution
		Debug|Any CPU = Debug|Any CPU
		Release|Any CPU = Release|Any CPU
	EndGlobalSection
	GlobalSection(ProjectConfigurationPlatforms) = postSolution
		{BCD32E21-ECE9-B71D-7793-0F314633B207}.Debug|Any CPU.ActiveCfg = Debug|Any CPU
		{BCD32E21-ECE9-B71D-7793-0F314633B207}.Debug|Any CPU.Build.0 = Debug|Any CPU
		{BCD32E21-ECE9-B71D-7793-0F314633B207}.Release|Any CPU.ActiveCfg = Release|Any CPU
		{BCD32E21-ECE9-B71D-7793-0F314633B207}.Release|Any CPU.Build.0 = Release|Any CPU
		{2DBE8DE5-2BDA-2BDD-7A05-9CD71F7182F7}.Debug|Any CPU.ActiveCfg = Debug|Any CPU
		{2DBE8DE5-2BDA-2BDD-7A05-9CD71F7182F7}.Debug|Any CPU.Build.0 = Debug|Any CPU
		{2DBE8DE5-2BDA-2BDD-7A05-9CD71F7182F7}.Release|Any CPU.ActiveCfg = Release|Any CPU
		{2DBE8DE5-2BDA-2BDD-7A05-9CD71F7182F7}.Release|Any CPU.Build.0 = Release|Any CPU
	EndGlobalSection
	GlobalSection(SolutionProperties) = preSolution
		HideSolutionNode = FALSE
	EndGlobalSection
EndGlobal
